
Microsoft Visual Studio Solution File, Format Version 12.00
Project("{FAE04EC0-301F-11D3-BF4B-00C04F79EFBC}") = "RevealCounterChance", "RevealCounterChance.csproj", "{864F6633-7ABD-4BC3-803F-AFDFC0BD587D}"
EndProject
Global
	GlobalSection(SolutionConfigurationPlatforms) = preSolution
		Debug|Any CPU = Debug|Any CPU
		Release|Any CPU = Release|Any CPU
	EndGlobalSection
	GlobalSection(ProjectConfigurationPlatforms) = postSolution
		{864F6633-7ABD-4BC3-803F-AFDFC0BD587D}.Debug|Any CPU.ActiveCfg = Debug|Any CPU
		{864F6633-7ABD-4BC3-803F-AFDFC0BD587D}.Debug|Any CPU.Build.0 = Debug|Any CPU
		{864F6633-7ABD-4BC3-803F-AFDFC0BD587D}.Release|Any CPU.ActiveCfg = Release|Any CPU
		{864F6633-7ABD-4BC3-803F-AFDFC0BD587D}.Release|Any CPU.Build.0 = Release|Any CPU
	EndGlobalSection
EndGlobal
